
Microsoft Visual Studio Solution File, Format Version 12.00
# Visual Studio Version 17
VisualStudioVersion = 17.9.34728.123
MinimumVisualStudioVersion = 10.0.40219.1
Project("{FAE04EC0-301F-11D3-BF4B-00C04F79EFBC}") = "CrudusingAdo", "CrudusingAdo\CrudusingAdo.csproj", "{313182FB-608D-4816-B5FA-A5CAC44CBFDE}"
EndProject
Global
	GlobalSection(SolutionConfigurationPlatforms) = preSolution
		Debug|Any CPU = Debug|Any CPU
		Release|Any CPU = Release|Any CPU
	EndGlobalSection
	GlobalSection(ProjectConfigurationPlatforms) = postSolution
		{313182FB-608D-4816-B5FA-A5CAC44CBFDE}.Debug|Any CPU.ActiveCfg = Debug|Any CPU
		{313182FB-608D-4816-B5FA-A5CAC44CBFDE}.Debug|Any CPU.Build.0 = Debug|Any CPU
		{313182FB-608D-4816-B5FA-A5CAC44CBFDE}.Release|Any CPU.ActiveCfg = Release|Any CPU
		{313182FB-608D-4816-B5FA-A5CAC44CBFDE}.Release|Any CPU.Build.0 = Release|Any CPU
	EndGlobalSection
	GlobalSection(SolutionProperties) = preSolution
		HideSolutionNode = FALSE
	EndGlobalSection
	GlobalSection(ExtensibilityGlobals) = postSolution
		SolutionGuid = {80A8AD5D-174E-4D43-9D14-3E7B9C164443}
	EndGlobalSection
EndGlobal
